
Microsoft Visual Studio Solution File, Format Version 12.00
# Visual Studio Version 17
VisualStudioVersion = 17.5.33530.505
MinimumVisualStudioVersion = 10.0.40219.1
Project("{9A19103F-16F7-4668-BE54-9A1E7A4F7556}") = "Common", "Common.csproj", "{5848D388-39EE-4737-9460-D362B02D7BD8}"
EndProject
Global
	GlobalSection(SolutionConfigurationPlatforms) = preSolution
		Debug|Any CPU = Debug|Any CPU
		Release|Any CPU = Release|Any CPU
	EndGlobalSection
	GlobalSection(ProjectConfigurationPlatforms) = postSolution
		{5848D388-39EE-4737-9460-D362B02D7BD8}.Debug|Any CPU.ActiveCfg = Debug|Any CPU
		{5848D388-39EE-4737-9460-D362B02D7BD8}.Debug|Any CPU.Build.0 = Debug|Any CPU
		{5848D388-39EE-4737-9460-D362B02D7BD8}.Release|Any CPU.ActiveCfg = Release|Any CPU
		{5848D388-39EE-4737-9460-D362B02D7BD8}.Release|Any CPU.Build.0 = Release|Any CPU
	EndGlobalSection
	GlobalSection(SolutionProperties) = preSolution
		HideSolutionNode = FALSE
	EndGlobalSection
	GlobalSection(ExtensibilityGlobals) = postSolution
		SolutionGuid = {9D1E59F1-9213-478D-A6AD-5C733E66208F}
	EndGlobalSection
EndGlobal
